<?xml version="1.0" encoding="utf-8"?>
<Project ToolsVersion="4.0" xmlns="http://schemas.microsoft.com/developer/msbuild/2003">
  <ItemGroup>
    <Filter Include="Header Files">
      <UniqueIdentifier>{93995380-89BD-4b04-88EB-625FBE52EBFB}</UniqueIdentifier>
      <Extensions>h;hh;hpp;hxx;hm;inl;inc;xsd</Extensions>
    </Filter>
    <Filter Include="Resource Files">
      <UniqueIdentifier>{67DA6AB6-F800-4c08-8B7A-83BB121AAD01}</UniqueIdentifier>
      <Extensions>rc;ico;cur;bmp;dlg;rc2;rct;bin;rgs;gif;jpg;jpeg;jpe;resx;tiff;tif;png;wav;mfcribbon-ms</Extensions>
    </Filter>
    <Filter Include="Header Files\Entities">
      <UniqueIdentifier>{22e7e25f-b162-42f3-8cd0-4ccb3d2d2d91}</UniqueIdentifier>
    </Filter>
    <Filter Include="Resource Files\Entities">
      <UniqueIdentifier>{7f0549cc-5374-4f5f-8617-47c1329f063e}</UniqueIdentifier>
    </Filter>
  </ItemGroup>
  <ItemGroup>
    <ClInclude Include="AnimKeyframes.h">
      <Filter>Header Files</Filter>
    </ClInclude>
    <ClInclude Include="Game.h">
      <Filter>Header Files</Filter>
    </ClInclude>
    <ClInclude Include="Player.h">
      <Filter>Header Files</Filter>
    </ClInclude>
    <ClInclude Include="Scene.h">
      <Filter>Header Files</Filter>
    </ClInclude>
    <ClInclude Include="Shader.h">
      <Filter>Header Files</Filter>
    </ClInclude>
    <ClInclude Include="ShaderProgram.h">
      <Filter>Header Files</Filter>
    </ClInclude>
    <ClInclude Include="Sprite.h">
      <Filter>Header Files</Filter>
    </ClInclude>
    <ClInclude Include="Texture.h">
      <Filter>Header Files</Filter>
    </ClInclude>
    <ClInclude Include="TileMap.h">
      <Filter>Header Files</Filter>
    </ClInclude>
    <ClInclude Include="Entity.h">
      <Filter>Header Files\Entities</Filter>
    </ClInclude>
    <ClInclude Include="Skull.h">
      <Filter>Header Files\Entities</Filter>
    </ClInclude>
    <ClInclude Include="Stalactite.h">
      <Filter>Header Files\Entities</Filter>
    </ClInclude>
    <ClInclude Include="StartDoor.h">
      <Filter>Header Files\Entities</Filter>
    </ClInclude>
    <ClInclude Include="WaterDrop.h">
      <Filter>Header Files\Entities</Filter>
    </ClInclude>
    <ClInclude Include="Key.h">
      <Filter>Header Files\Entities</Filter>
    </ClInclude>
    <ClInclude Include="LockedDoor.h">
      <Filter>Header Files\Entities</Filter>
    </ClInclude>
    <ClInclude Include="Potion.h">
      <Filter>Header Files\Entities</Filter>
    </ClInclude>
    <ClInclude Include="Bar.h">
      <Filter>Header Files\Entities</Filter>
    </ClInclude>
    <ClInclude Include="SubBar.h">
      <Filter>Header Files\Entities</Filter>
    </ClInclude>
    <ClInclude Include="Number.h">
      <Filter>Header Files\Entities</Filter>
    </ClInclude>
    <ClInclude Include="Friend.h">
      <Filter>Header Files\Entities</Filter>
    </ClInclude>
    <ClInclude Include="DoubleLockedDoor.h">
      <Filter>Header Files\Entities</Filter>
    </ClInclude>
    <ClInclude Include="Pandora.h">
      <Filter>Header Files\Entities</Filter>
    </ClInclude>
    <ClInclude Include="PandoraBubble.h">
      <Filter>Header Files\Entities</Filter>
    </ClInclude>
    <ClInclude Include="EndDoor.h">
      <Filter>Header Files\Entities</Filter>
    </ClInclude>
    <ClInclude Include="Pouch.h">
      <Filter>Header Files\Entities</Filter>
    </ClInclude>
    <ClInclude Include="Waterfall.h">
      <Filter>Header Files\Entities</Filter>
    </ClInclude>
  </ItemGroup>
  <ItemGroup>
    <ClCompile Include="Game.cpp">
      <Filter>Resource Files</Filter>
    </ClCompile>
    <ClCompile Include="main.cpp">
      <Filter>Resource Files</Filter>
    </ClCompile>
    <ClCompile Include="Player.cpp">
      <Filter>Resource Files</Filter>
    </ClCompile>
    <ClCompile Include="Scene.cpp">
      <Filter>Resource Files</Filter>
    </ClCompile>
    <ClCompile Include="Shader.cpp">
      <Filter>Resource Files</Filter>
    </ClCompile>
    <ClCompile Include="ShaderProgram.cpp">
      <Filter>Resource Files</Filter>
    </ClCompile>
    <ClCompile Include="Sprite.cpp">
      <Filter>Resource Files</Filter>
    </ClCompile>
    <ClCompile Include="Texture.cpp">
      <Filter>Resource Files</Filter>
    </ClCompile>
    <ClCompile Include="TileMap.cpp">
      <Filter>Resource Files</Filter>
    </ClCompile>
    <ClCompile Include="Entity.cpp">
      <Filter>Resource Files\Entities</Filter>
    </ClCompile>
    <ClCompile Include="Skull.cpp">
      <Filter>Resource Files\Entities</Filter>
    </ClCompile>
    <ClCompile Include="Stalactite.cpp">
      <Filter>Resource Files\Entities</Filter>
    </ClCompile>
    <ClCompile Include="StartDoor.cpp">
      <Filter>Resource Files\Entities</Filter>
    </ClCompile>
    <ClCompile Include="WaterDrop.cpp">
      <Filter>Resource Files\Entities</Filter>
    </ClCompile>
    <ClCompile Include="Key.cpp">
      <Filter>Resource Files\Entities</Filter>
    </ClCompile>
    <ClCompile Include="LockedDoor.cpp">
      <Filter>Resource Files\Entities</Filter>
    </ClCompile>
    <ClCompile Include="Potion.cpp">
      <Filter>Resource Files\Entities</Filter>
    </ClCompile>
    <ClCompile Include="Number.cpp">
      <Filter>Resource Files\Entities</Filter>
    </ClCompile>
    <ClCompile Include="Bar.cpp">
      <Filter>Resource Files\Entities</Filter>
    </ClCompile>
    <ClCompile Include="SubBar.cpp">
      <Filter>Resource Files\Entities</Filter>
    </ClCompile>
    <ClCompile Include="Pouch.cpp">
      <Filter>Resource Files\Entities</Filter>
    </ClCompile>
    <ClCompile Include="Friend.cpp">
      <Filter>Resource Files\Entities</Filter>
    </ClCompile>
    <ClCompile Include="DoubleLockedDoor.cpp">
      <Filter>Resource Files\Entities</Filter>
    </ClCompile>
    <ClCompile Include="Waterfall.cpp">
      <Filter>Resource Files\Entities</Filter>
    </ClCompile>
    <ClCompile Include="EndDoor.cpp">
      <Filter>Resource Files\Entities</Filter>
    </ClCompile>
    <ClCompile Include="Pandora.cpp">
      <Filter>Resource Files\Entities</Filter>
    </ClCompile>
    <ClCompile Include="PandoraBubble.cpp">
      <Filter>Resource Files\Entities</Filter>
    </ClCompile>
  </ItemGroup>
</Project>